
Microsoft Visual Studio Solution File, Format Version 12.00
# Visual Studio 15
VisualStudioVersion = 15.0.26124.0
MinimumVisualStudioVersion = 15.0.26124.0
Project("{2150E333-8FDC-42A3-9474-1A3956D46DE8}") = "src", "src", "{C9EEE309-FE7C-451A-B8BF-1F00EB35F29D}"
EndProject
Project("{FAE04EC0-301F-11D3-BF4B-00C04F79EFBC}") = "AdminUI.Admin", "src\AdminUI.Admin\AdminUI.Admin.csproj", "{23DF5BC6-D497-4239-AEDD-86A983D2134E}"
EndProject
Project("{FAE04EC0-301F-11D3-BF4B-00C04F79EFBC}") = "AdminUI.STS.Identity", "src\AdminUI.STS.Identity\AdminUI.STS.Identity.csproj", "{5018AAB9-CC37-4850-8B42-C8A3590D5BE4}"
EndProject
Project("{FAE04EC0-301F-11D3-BF4B-00C04F79EFBC}") = "AdminUI.Admin.Api", "src\AdminUI.Admin.Api\AdminUI.Admin.Api.csproj", "{DC3A6B8B-68B6-4BF1-AF16-6891EEB7F294}"
EndProject
Project("{FAE04EC0-301F-11D3-BF4B-00C04F79EFBC}") = "AdminUI.Admin.EntityFramework.Shared", "src\AdminUI.Admin.EntityFramework.Shared\AdminUI.Admin.EntityFramework.Shared.csproj", "{DB1D63AD-76F2-48AE-82A4-7C4D2A03E49C}"
EndProject
Project("{FAE04EC0-301F-11D3-BF4B-00C04F79EFBC}") = "AdminUI.Admin.EntityFramework.MySql", "src\AdminUI.Admin.EntityFramework.MySql\AdminUI.Admin.EntityFramework.MySql.csproj", "{6E33AD99-26ED-49B1-88C2-52123FEF6EC4}"
EndProject
Project("{FAE04EC0-301F-11D3-BF4B-00C04F79EFBC}") = "AdminUI.Admin.EntityFramework.PostgreSQL", "src\AdminUI.Admin.EntityFramework.PostgreSQL\AdminUI.Admin.EntityFramework.PostgreSQL.csproj", "{ED2B6455-970B-4E84-9181-2A9849E76DD7}"
EndProject
Project("{FAE04EC0-301F-11D3-BF4B-00C04F79EFBC}") = "AdminUI.Admin.EntityFramework.SqlServer", "src\AdminUI.Admin.EntityFramework.SqlServer\AdminUI.Admin.EntityFramework.SqlServer.csproj", "{BB918D10-361E-4D42-A43F-0BD8949302C0}"
EndProject
Project("{FAE04EC0-301F-11D3-BF4B-00C04F79EFBC}") = "AdminUI.Shared", "src\AdminUI.Shared\AdminUI.Shared.csproj", "{828D283E-2B72-402F-8EAC-954ABAE92743}"
EndProject
Global
	GlobalSection(SolutionConfigurationPlatforms) = preSolution
		Debug|Any CPU = Debug|Any CPU
		Debug|x64 = Debug|x64
		Debug|x86 = Debug|x86
		Release|Any CPU = Release|Any CPU
		Release|x64 = Release|x64
		Release|x86 = Release|x86
	EndGlobalSection
	GlobalSection(SolutionProperties) = preSolution
		HideSolutionNode = FALSE
	EndGlobalSection
	GlobalSection(ProjectConfigurationPlatforms) = postSolution
		{23DF5BC6-D497-4239-AEDD-86A983D2134E}.Debug|Any CPU.ActiveCfg = Debug|Any CPU
		{23DF5BC6-D497-4239-AEDD-86A983D2134E}.Debug|Any CPU.Build.0 = Debug|Any CPU
		{23DF5BC6-D497-4239-AEDD-86A983D2134E}.Debug|x64.ActiveCfg = Debug|Any CPU
		{23DF5BC6-D497-4239-AEDD-86A983D2134E}.Debug|x64.Build.0 = Debug|Any CPU
		{23DF5BC6-D497-4239-AEDD-86A983D2134E}.Debug|x86.ActiveCfg = Debug|Any CPU
		{23DF5BC6-D497-4239-AEDD-86A983D2134E}.Debug|x86.Build.0 = Debug|Any CPU
		{23DF5BC6-D497-4239-AEDD-86A983D2134E}.Release|Any CPU.ActiveCfg = Release|Any CPU
		{23DF5BC6-D497-4239-AEDD-86A983D2134E}.Release|Any CPU.Build.0 = Release|Any CPU
		{23DF5BC6-D497-4239-AEDD-86A983D2134E}.Release|x64.ActiveCfg = Release|Any CPU
		{23DF5BC6-D497-4239-AEDD-86A983D2134E}.Release|x64.Build.0 = Release|Any CPU
		{23DF5BC6-D497-4239-AEDD-86A983D2134E}.Release|x86.ActiveCfg = Release|Any CPU
		{23DF5BC6-D497-4239-AEDD-86A983D2134E}.Release|x86.Build.0 = Release|Any CPU
		{5018AAB9-CC37-4850-8B42-C8A3590D5BE4}.Debug|Any CPU.ActiveCfg = Debug|Any CPU
		{5018AAB9-CC37-4850-8B42-C8A3590D5BE4}.Debug|Any CPU.Build.0 = Debug|Any CPU
		{5018AAB9-CC37-4850-8B42-C8A3590D5BE4}.Debug|x64.ActiveCfg = Debug|Any CPU
		{5018AAB9-CC37-4850-8B42-C8A3590D5BE4}.Debug|x64.Build.0 = Debug|Any CPU
		{5018AAB9-CC37-4850-8B42-C8A3590D5BE4}.Debug|x86.ActiveCfg = Debug|Any CPU
		{5018AAB9-CC37-4850-8B42-C8A3590D5BE4}.Debug|x86.Build.0 = Debug|Any CPU
		{5018AAB9-CC37-4850-8B42-C8A3590D5BE4}.Release|Any CPU.ActiveCfg = Release|Any CPU
		{5018AAB9-CC37-4850-8B42-C8A3590D5BE4}.Release|Any CPU.Build.0 = Release|Any CPU
		{5018AAB9-CC37-4850-8B42-C8A3590D5BE4}.Release|x64.ActiveCfg = Release|Any CPU
		{5018AAB9-CC37-4850-8B42-C8A3590D5BE4}.Release|x64.Build.0 = Release|Any CPU
		{5018AAB9-CC37-4850-8B42-C8A3590D5BE4}.Release|x86.ActiveCfg = Release|Any CPU
		{5018AAB9-CC37-4850-8B42-C8A3590D5BE4}.Release|x86.Build.0 = Release|Any CPU
		{DC3A6B8B-68B6-4BF1-AF16-6891EEB7F294}.Debug|Any CPU.ActiveCfg = Debug|Any CPU
		{DC3A6B8B-68B6-4BF1-AF16-6891EEB7F294}.Debug|Any CPU.Build.0 = Debug|Any CPU
		{DC3A6B8B-68B6-4BF1-AF16-6891EEB7F294}.Debug|x64.ActiveCfg = Debug|Any CPU
		{DC3A6B8B-68B6-4BF1-AF16-6891EEB7F294}.Debug|x64.Build.0 = Debug|Any CPU
		{DC3A6B8B-68B6-4BF1-AF16-6891EEB7F294}.Debug|x86.ActiveCfg = Debug|Any CPU
		{DC3A6B8B-68B6-4BF1-AF16-6891EEB7F294}.Debug|x86.Build.0 = Debug|Any CPU
		{DC3A6B8B-68B6-4BF1-AF16-6891EEB7F294}.Release|Any CPU.ActiveCfg = Release|Any CPU
		{DC3A6B8B-68B6-4BF1-AF16-6891EEB7F294}.Release|Any CPU.Build.0 = Release|Any CPU
		{DC3A6B8B-68B6-4BF1-AF16-6891EEB7F294}.Release|x64.ActiveCfg = Release|Any CPU
		{DC3A6B8B-68B6-4BF1-AF16-6891EEB7F294}.Release|x64.Build.0 = Release|Any CPU
		{DC3A6B8B-68B6-4BF1-AF16-6891EEB7F294}.Release|x86.ActiveCfg = Release|Any CPU
		{DC3A6B8B-68B6-4BF1-AF16-6891EEB7F294}.Release|x86.Build.0 = Release|Any CPU
		{DB1D63AD-76F2-48AE-82A4-7C4D2A03E49C}.Debug|Any CPU.ActiveCfg = Debug|Any CPU
		{DB1D63AD-76F2-48AE-82A4-7C4D2A03E49C}.Debug|Any CPU.Build.0 = Debug|Any CPU
		{DB1D63AD-76F2-48AE-82A4-7C4D2A03E49C}.Debug|x64.ActiveCfg = Debug|Any CPU
		{DB1D63AD-76F2-48AE-82A4-7C4D2A03E49C}.Debug|x64.Build.0 = Debug|Any CPU
		{DB1D63AD-76F2-48AE-82A4-7C4D2A03E49C}.Debug|x86.ActiveCfg = Debug|Any CPU
		{DB1D63AD-76F2-48AE-82A4-7C4D2A03E49C}.Debug|x86.Build.0 = Debug|Any CPU
		{DB1D63AD-76F2-48AE-82A4-7C4D2A03E49C}.Release|Any CPU.ActiveCfg = Release|Any CPU
		{DB1D63AD-76F2-48AE-82A4-7C4D2A03E49C}.Release|Any CPU.Build.0 = Release|Any CPU
		{DB1D63AD-76F2-48AE-82A4-7C4D2A03E49C}.Release|x64.ActiveCfg = Release|Any CPU
		{DB1D63AD-76F2-48AE-82A4-7C4D2A03E49C}.Release|x64.Build.0 = Release|Any CPU
		{DB1D63AD-76F2-48AE-82A4-7C4D2A03E49C}.Release|x86.ActiveCfg = Release|Any CPU
		{DB1D63AD-76F2-48AE-82A4-7C4D2A03E49C}.Release|x86.Build.0 = Release|Any CPU
		{6E33AD99-26ED-49B1-88C2-52123FEF6EC4}.Debug|Any CPU.ActiveCfg = Debug|Any CPU
		{6E33AD99-26ED-49B1-88C2-52123FEF6EC4}.Debug|Any CPU.Build.0 = Debug|Any CPU
		{6E33AD99-26ED-49B1-88C2-52123FEF6EC4}.Debug|x64.ActiveCfg = Debug|Any CPU
		{6E33AD99-26ED-49B1-88C2-52123FEF6EC4}.Debug|x64.Build.0 = Debug|Any CPU
		{6E33AD99-26ED-49B1-88C2-52123FEF6EC4}.Debug|x86.ActiveCfg = Debug|Any CPU
		{6E33AD99-26ED-49B1-88C2-52123FEF6EC4}.Debug|x86.Build.0 = Debug|Any CPU
		{6E33AD99-26ED-49B1-88C2-52123FEF6EC4}.Release|Any CPU.ActiveCfg = Release|Any CPU
		{6E33AD99-26ED-49B1-88C2-52123FEF6EC4}.Release|Any CPU.Build.0 = Release|Any CPU
		{6E33AD99-26ED-49B1-88C2-52123FEF6EC4}.Release|x64.ActiveCfg = Release|Any CPU
		{6E33AD99-26ED-49B1-88C2-52123FEF6EC4}.Release|x64.Build.0 = Release|Any CPU
		{6E33AD99-26ED-49B1-88C2-52123FEF6EC4}.Release|x86.ActiveCfg = Release|Any CPU
		{6E33AD99-26ED-49B1-88C2-52123FEF6EC4}.Release|x86.Build.0 = Release|Any CPU
		{ED2B6455-970B-4E84-9181-2A9849E76DD7}.Debug|Any CPU.ActiveCfg = Debug|Any CPU
		{ED2B6455-970B-4E84-9181-2A9849E76DD7}.Debug|Any CPU.Build.0 = Debug|Any CPU
		{ED2B6455-970B-4E84-9181-2A9849E76DD7}.Debug|x64.ActiveCfg = Debug|Any CPU
		{ED2B6455-970B-4E84-9181-2A9849E76DD7}.Debug|x64.Build.0 = Debug|Any CPU
		{ED2B6455-970B-4E84-9181-2A9849E76DD7}.Debug|x86.ActiveCfg = Debug|Any CPU
		{ED2B6455-970B-4E84-9181-2A9849E76DD7}.Debug|x86.Build.0 = Debug|Any CPU
		{ED2B6455-970B-4E84-9181-2A9849E76DD7}.Release|Any CPU.ActiveCfg = Release|Any CPU
		{ED2B6455-970B-4E84-9181-2A9849E76DD7}.Release|Any CPU.Build.0 = Release|Any CPU
		{ED2B6455-970B-4E84-9181-2A9849E76DD7}.Release|x64.ActiveCfg = Release|Any CPU
		{ED2B6455-970B-4E84-9181-2A9849E76DD7}.Release|x64.Build.0 = Release|Any CPU
		{ED2B6455-970B-4E84-9181-2A9849E76DD7}.Release|x86.ActiveCfg = Release|Any CPU
		{ED2B6455-970B-4E84-9181-2A9849E76DD7}.Release|x86.Build.0 = Release|Any CPU
		{BB918D10-361E-4D42-A43F-0BD8949302C0}.Debug|Any CPU.ActiveCfg = Debug|Any CPU
		{BB918D10-361E-4D42-A43F-0BD8949302C0}.Debug|Any CPU.Build.0 = Debug|Any CPU
		{BB918D10-361E-4D42-A43F-0BD8949302C0}.Debug|x64.ActiveCfg = Debug|Any CPU
		{BB918D10-361E-4D42-A43F-0BD8949302C0}.Debug|x64.Build.0 = Debug|Any CPU
		{BB918D10-361E-4D42-A43F-0BD8949302C0}.Debug|x86.ActiveCfg = Debug|Any CPU
		{BB918D10-361E-4D42-A43F-0BD8949302C0}.Debug|x86.Build.0 = Debug|Any CPU
		{BB918D10-361E-4D42-A43F-0BD8949302C0}.Release|Any CPU.ActiveCfg = Release|Any CPU
		{BB918D10-361E-4D42-A43F-0BD8949302C0}.Release|Any CPU.Build.0 = Release|Any CPU
		{BB918D10-361E-4D42-A43F-0BD8949302C0}.Release|x64.ActiveCfg = Release|Any CPU
		{BB918D10-361E-4D42-A43F-0BD8949302C0}.Release|x64.Build.0 = Release|Any CPU
		{BB918D10-361E-4D42-A43F-0BD8949302C0}.Release|x86.ActiveCfg = Release|Any CPU
		{BB918D10-361E-4D42-A43F-0BD8949302C0}.Release|x86.Build.0 = Release|Any CPU
		{828D283E-2B72-402F-8EAC-954ABAE92743}.Debug|Any CPU.ActiveCfg = Debug|Any CPU
		{828D283E-2B72-402F-8EAC-954ABAE92743}.Debug|Any CPU.Build.0 = Debug|Any CPU
		{828D283E-2B72-402F-8EAC-954ABAE92743}.Debug|x64.ActiveCfg = Debug|Any CPU
		{828D283E-2B72-402F-8EAC-954ABAE92743}.Debug|x64.Build.0 = Debug|Any CPU
		{828D283E-2B72-402F-8EAC-954ABAE92743}.Debug|x86.ActiveCfg = Debug|Any CPU
		{828D283E-2B72-402F-8EAC-954ABAE92743}.Debug|x86.Build.0 = Debug|Any CPU
		{828D283E-2B72-402F-8EAC-954ABAE92743}.Release|Any CPU.ActiveCfg = Release|Any CPU
		{828D283E-2B72-402F-8EAC-954ABAE92743}.Release|Any CPU.Build.0 = Release|Any CPU
		{828D283E-2B72-402F-8EAC-954ABAE92743}.Release|x64.ActiveCfg = Release|Any CPU
		{828D283E-2B72-402F-8EAC-954ABAE92743}.Release|x64.Build.0 = Release|Any CPU
		{828D283E-2B72-402F-8EAC-954ABAE92743}.Release|x86.ActiveCfg = Release|Any CPU
		{828D283E-2B72-402F-8EAC-954ABAE92743}.Release|x86.Build.0 = Release|Any CPU
	EndGlobalSection
	GlobalSection(NestedProjects) = preSolution
		{23DF5BC6-D497-4239-AEDD-86A983D2134E} = {C9EEE309-FE7C-451A-B8BF-1F00EB35F29D}
		{5018AAB9-CC37-4850-8B42-C8A3590D5BE4} = {C9EEE309-FE7C-451A-B8BF-1F00EB35F29D}
		{DC3A6B8B-68B6-4BF1-AF16-6891EEB7F294} = {C9EEE309-FE7C-451A-B8BF-1F00EB35F29D}
		{DB1D63AD-76F2-48AE-82A4-7C4D2A03E49C} = {C9EEE309-FE7C-451A-B8BF-1F00EB35F29D}
		{6E33AD99-26ED-49B1-88C2-52123FEF6EC4} = {C9EEE309-FE7C-451A-B8BF-1F00EB35F29D}
		{ED2B6455-970B-4E84-9181-2A9849E76DD7} = {C9EEE309-FE7C-451A-B8BF-1F00EB35F29D}
		{BB918D10-361E-4D42-A43F-0BD8949302C0} = {C9EEE309-FE7C-451A-B8BF-1F00EB35F29D}
		{828D283E-2B72-402F-8EAC-954ABAE92743} = {C9EEE309-FE7C-451A-B8BF-1F00EB35F29D}
	EndGlobalSection
EndGlobal
