
Microsoft Visual Studio Solution File, Format Version 12.00
# Visual Studio 15
VisualStudioVersion = 15.0.26124.0
MinimumVisualStudioVersion = 15.0.26124.0
Project("{2150E333-8FDC-42A3-9474-1A3956D46DE8}") = "src", "src", "{D322103A-584A-45AB-87ED-9AD1A779FE16}"
EndProject
Project("{FAE04EC0-301F-11D3-BF4B-00C04F79EFBC}") = "AdminUI.Admin", "src\AdminUI.Admin\AdminUI.Admin.csproj", "{BA5BB28F-FC8D-433A-A3EA-3AD03EC5AB0D}"
EndProject
Project("{FAE04EC0-301F-11D3-BF4B-00C04F79EFBC}") = "AdminUI.STS.Identity", "src\AdminUI.STS.Identity\AdminUI.STS.Identity.csproj", "{7AE440A7-AEEE-471D-95F5-2322F88A413A}"
EndProject
Project("{FAE04EC0-301F-11D3-BF4B-00C04F79EFBC}") = "AdminUI.Admin.Api", "src\AdminUI.Admin.Api\AdminUI.Admin.Api.csproj", "{51F1E766-E38C-4489-A549-9AB658433C2D}"
EndProject
Project("{FAE04EC0-301F-11D3-BF4B-00C04F79EFBC}") = "AdminUI.Admin.EntityFramework.Shared", "src\AdminUI.Admin.EntityFramework.Shared\AdminUI.Admin.EntityFramework.Shared.csproj", "{50FEB4B8-3696-40C0-848C-8A5BD4434803}"
EndProject
Project("{FAE04EC0-301F-11D3-BF4B-00C04F79EFBC}") = "AdminUI.Admin.EntityFramework.MySql", "src\AdminUI.Admin.EntityFramework.MySql\AdminUI.Admin.EntityFramework.MySql.csproj", "{97E8BCBE-166D-46DA-BE0F-EFFDD7240488}"
EndProject
Project("{FAE04EC0-301F-11D3-BF4B-00C04F79EFBC}") = "AdminUI.Admin.EntityFramework.PostgreSQL", "src\AdminUI.Admin.EntityFramework.PostgreSQL\AdminUI.Admin.EntityFramework.PostgreSQL.csproj", "{D52EB618-EDCE-4B63-93F3-94D2642B54DB}"
EndProject
Project("{FAE04EC0-301F-11D3-BF4B-00C04F79EFBC}") = "AdminUI.Admin.EntityFramework.SqlServer", "src\AdminUI.Admin.EntityFramework.SqlServer\AdminUI.Admin.EntityFramework.SqlServer.csproj", "{22EDBF39-7264-4873-910C-D5D15B49DD69}"
EndProject
Project("{FAE04EC0-301F-11D3-BF4B-00C04F79EFBC}") = "AdminUI.Shared", "src\AdminUI.Shared\AdminUI.Shared.csproj", "{C5B22279-84AE-4F0D-9DE5-379C1DA04121}"
EndProject
Global
	GlobalSection(SolutionConfigurationPlatforms) = preSolution
		Debug|Any CPU = Debug|Any CPU
		Debug|x64 = Debug|x64
		Debug|x86 = Debug|x86
		Release|Any CPU = Release|Any CPU
		Release|x64 = Release|x64
		Release|x86 = Release|x86
	EndGlobalSection
	GlobalSection(SolutionProperties) = preSolution
		HideSolutionNode = FALSE
	EndGlobalSection
	GlobalSection(ProjectConfigurationPlatforms) = postSolution
		{BA5BB28F-FC8D-433A-A3EA-3AD03EC5AB0D}.Debug|Any CPU.ActiveCfg = Debug|Any CPU
		{BA5BB28F-FC8D-433A-A3EA-3AD03EC5AB0D}.Debug|Any CPU.Build.0 = Debug|Any CPU
		{BA5BB28F-FC8D-433A-A3EA-3AD03EC5AB0D}.Debug|x64.ActiveCfg = Debug|Any CPU
		{BA5BB28F-FC8D-433A-A3EA-3AD03EC5AB0D}.Debug|x64.Build.0 = Debug|Any CPU
		{BA5BB28F-FC8D-433A-A3EA-3AD03EC5AB0D}.Debug|x86.ActiveCfg = Debug|Any CPU
		{BA5BB28F-FC8D-433A-A3EA-3AD03EC5AB0D}.Debug|x86.Build.0 = Debug|Any CPU
		{BA5BB28F-FC8D-433A-A3EA-3AD03EC5AB0D}.Release|Any CPU.ActiveCfg = Release|Any CPU
		{BA5BB28F-FC8D-433A-A3EA-3AD03EC5AB0D}.Release|Any CPU.Build.0 = Release|Any CPU
		{BA5BB28F-FC8D-433A-A3EA-3AD03EC5AB0D}.Release|x64.ActiveCfg = Release|Any CPU
		{BA5BB28F-FC8D-433A-A3EA-3AD03EC5AB0D}.Release|x64.Build.0 = Release|Any CPU
		{BA5BB28F-FC8D-433A-A3EA-3AD03EC5AB0D}.Release|x86.ActiveCfg = Release|Any CPU
		{BA5BB28F-FC8D-433A-A3EA-3AD03EC5AB0D}.Release|x86.Build.0 = Release|Any CPU
		{7AE440A7-AEEE-471D-95F5-2322F88A413A}.Debug|Any CPU.ActiveCfg = Debug|Any CPU
		{7AE440A7-AEEE-471D-95F5-2322F88A413A}.Debug|Any CPU.Build.0 = Debug|Any CPU
		{7AE440A7-AEEE-471D-95F5-2322F88A413A}.Debug|x64.ActiveCfg = Debug|Any CPU
		{7AE440A7-AEEE-471D-95F5-2322F88A413A}.Debug|x64.Build.0 = Debug|Any CPU
		{7AE440A7-AEEE-471D-95F5-2322F88A413A}.Debug|x86.ActiveCfg = Debug|Any CPU
		{7AE440A7-AEEE-471D-95F5-2322F88A413A}.Debug|x86.Build.0 = Debug|Any CPU
		{7AE440A7-AEEE-471D-95F5-2322F88A413A}.Release|Any CPU.ActiveCfg = Release|Any CPU
		{7AE440A7-AEEE-471D-95F5-2322F88A413A}.Release|Any CPU.Build.0 = Release|Any CPU
		{7AE440A7-AEEE-471D-95F5-2322F88A413A}.Release|x64.ActiveCfg = Release|Any CPU
		{7AE440A7-AEEE-471D-95F5-2322F88A413A}.Release|x64.Build.0 = Release|Any CPU
		{7AE440A7-AEEE-471D-95F5-2322F88A413A}.Release|x86.ActiveCfg = Release|Any CPU
		{7AE440A7-AEEE-471D-95F5-2322F88A413A}.Release|x86.Build.0 = Release|Any CPU
		{51F1E766-E38C-4489-A549-9AB658433C2D}.Debug|Any CPU.ActiveCfg = Debug|Any CPU
		{51F1E766-E38C-4489-A549-9AB658433C2D}.Debug|Any CPU.Build.0 = Debug|Any CPU
		{51F1E766-E38C-4489-A549-9AB658433C2D}.Debug|x64.ActiveCfg = Debug|Any CPU
		{51F1E766-E38C-4489-A549-9AB658433C2D}.Debug|x64.Build.0 = Debug|Any CPU
		{51F1E766-E38C-4489-A549-9AB658433C2D}.Debug|x86.ActiveCfg = Debug|Any CPU
		{51F1E766-E38C-4489-A549-9AB658433C2D}.Debug|x86.Build.0 = Debug|Any CPU
		{51F1E766-E38C-4489-A549-9AB658433C2D}.Release|Any CPU.ActiveCfg = Release|Any CPU
		{51F1E766-E38C-4489-A549-9AB658433C2D}.Release|Any CPU.Build.0 = Release|Any CPU
		{51F1E766-E38C-4489-A549-9AB658433C2D}.Release|x64.ActiveCfg = Release|Any CPU
		{51F1E766-E38C-4489-A549-9AB658433C2D}.Release|x64.Build.0 = Release|Any CPU
		{51F1E766-E38C-4489-A549-9AB658433C2D}.Release|x86.ActiveCfg = Release|Any CPU
		{51F1E766-E38C-4489-A549-9AB658433C2D}.Release|x86.Build.0 = Release|Any CPU
		{50FEB4B8-3696-40C0-848C-8A5BD4434803}.Debug|Any CPU.ActiveCfg = Debug|Any CPU
		{50FEB4B8-3696-40C0-848C-8A5BD4434803}.Debug|Any CPU.Build.0 = Debug|Any CPU
		{50FEB4B8-3696-40C0-848C-8A5BD4434803}.Debug|x64.ActiveCfg = Debug|Any CPU
		{50FEB4B8-3696-40C0-848C-8A5BD4434803}.Debug|x64.Build.0 = Debug|Any CPU
		{50FEB4B8-3696-40C0-848C-8A5BD4434803}.Debug|x86.ActiveCfg = Debug|Any CPU
		{50FEB4B8-3696-40C0-848C-8A5BD4434803}.Debug|x86.Build.0 = Debug|Any CPU
		{50FEB4B8-3696-40C0-848C-8A5BD4434803}.Release|Any CPU.ActiveCfg = Release|Any CPU
		{50FEB4B8-3696-40C0-848C-8A5BD4434803}.Release|Any CPU.Build.0 = Release|Any CPU
		{50FEB4B8-3696-40C0-848C-8A5BD4434803}.Release|x64.ActiveCfg = Release|Any CPU
		{50FEB4B8-3696-40C0-848C-8A5BD4434803}.Release|x64.Build.0 = Release|Any CPU
		{50FEB4B8-3696-40C0-848C-8A5BD4434803}.Release|x86.ActiveCfg = Release|Any CPU
		{50FEB4B8-3696-40C0-848C-8A5BD4434803}.Release|x86.Build.0 = Release|Any CPU
		{97E8BCBE-166D-46DA-BE0F-EFFDD7240488}.Debug|Any CPU.ActiveCfg = Debug|Any CPU
		{97E8BCBE-166D-46DA-BE0F-EFFDD7240488}.Debug|Any CPU.Build.0 = Debug|Any CPU
		{97E8BCBE-166D-46DA-BE0F-EFFDD7240488}.Debug|x64.ActiveCfg = Debug|Any CPU
		{97E8BCBE-166D-46DA-BE0F-EFFDD7240488}.Debug|x64.Build.0 = Debug|Any CPU
		{97E8BCBE-166D-46DA-BE0F-EFFDD7240488}.Debug|x86.ActiveCfg = Debug|Any CPU
		{97E8BCBE-166D-46DA-BE0F-EFFDD7240488}.Debug|x86.Build.0 = Debug|Any CPU
		{97E8BCBE-166D-46DA-BE0F-EFFDD7240488}.Release|Any CPU.ActiveCfg = Release|Any CPU
		{97E8BCBE-166D-46DA-BE0F-EFFDD7240488}.Release|Any CPU.Build.0 = Release|Any CPU
		{97E8BCBE-166D-46DA-BE0F-EFFDD7240488}.Release|x64.ActiveCfg = Release|Any CPU
		{97E8BCBE-166D-46DA-BE0F-EFFDD7240488}.Release|x64.Build.0 = Release|Any CPU
		{97E8BCBE-166D-46DA-BE0F-EFFDD7240488}.Release|x86.ActiveCfg = Release|Any CPU
		{97E8BCBE-166D-46DA-BE0F-EFFDD7240488}.Release|x86.Build.0 = Release|Any CPU
		{D52EB618-EDCE-4B63-93F3-94D2642B54DB}.Debug|Any CPU.ActiveCfg = Debug|Any CPU
		{D52EB618-EDCE-4B63-93F3-94D2642B54DB}.Debug|Any CPU.Build.0 = Debug|Any CPU
		{D52EB618-EDCE-4B63-93F3-94D2642B54DB}.Debug|x64.ActiveCfg = Debug|Any CPU
		{D52EB618-EDCE-4B63-93F3-94D2642B54DB}.Debug|x64.Build.0 = Debug|Any CPU
		{D52EB618-EDCE-4B63-93F3-94D2642B54DB}.Debug|x86.ActiveCfg = Debug|Any CPU
		{D52EB618-EDCE-4B63-93F3-94D2642B54DB}.Debug|x86.Build.0 = Debug|Any CPU
		{D52EB618-EDCE-4B63-93F3-94D2642B54DB}.Release|Any CPU.ActiveCfg = Release|Any CPU
		{D52EB618-EDCE-4B63-93F3-94D2642B54DB}.Release|Any CPU.Build.0 = Release|Any CPU
		{D52EB618-EDCE-4B63-93F3-94D2642B54DB}.Release|x64.ActiveCfg = Release|Any CPU
		{D52EB618-EDCE-4B63-93F3-94D2642B54DB}.Release|x64.Build.0 = Release|Any CPU
		{D52EB618-EDCE-4B63-93F3-94D2642B54DB}.Release|x86.ActiveCfg = Release|Any CPU
		{D52EB618-EDCE-4B63-93F3-94D2642B54DB}.Release|x86.Build.0 = Release|Any CPU
		{22EDBF39-7264-4873-910C-D5D15B49DD69}.Debug|Any CPU.ActiveCfg = Debug|Any CPU
		{22EDBF39-7264-4873-910C-D5D15B49DD69}.Debug|Any CPU.Build.0 = Debug|Any CPU
		{22EDBF39-7264-4873-910C-D5D15B49DD69}.Debug|x64.ActiveCfg = Debug|Any CPU
		{22EDBF39-7264-4873-910C-D5D15B49DD69}.Debug|x64.Build.0 = Debug|Any CPU
		{22EDBF39-7264-4873-910C-D5D15B49DD69}.Debug|x86.ActiveCfg = Debug|Any CPU
		{22EDBF39-7264-4873-910C-D5D15B49DD69}.Debug|x86.Build.0 = Debug|Any CPU
		{22EDBF39-7264-4873-910C-D5D15B49DD69}.Release|Any CPU.ActiveCfg = Release|Any CPU
		{22EDBF39-7264-4873-910C-D5D15B49DD69}.Release|Any CPU.Build.0 = Release|Any CPU
		{22EDBF39-7264-4873-910C-D5D15B49DD69}.Release|x64.ActiveCfg = Release|Any CPU
		{22EDBF39-7264-4873-910C-D5D15B49DD69}.Release|x64.Build.0 = Release|Any CPU
		{22EDBF39-7264-4873-910C-D5D15B49DD69}.Release|x86.ActiveCfg = Release|Any CPU
		{22EDBF39-7264-4873-910C-D5D15B49DD69}.Release|x86.Build.0 = Release|Any CPU
		{C5B22279-84AE-4F0D-9DE5-379C1DA04121}.Debug|Any CPU.ActiveCfg = Debug|Any CPU
		{C5B22279-84AE-4F0D-9DE5-379C1DA04121}.Debug|Any CPU.Build.0 = Debug|Any CPU
		{C5B22279-84AE-4F0D-9DE5-379C1DA04121}.Debug|x64.ActiveCfg = Debug|Any CPU
		{C5B22279-84AE-4F0D-9DE5-379C1DA04121}.Debug|x64.Build.0 = Debug|Any CPU
		{C5B22279-84AE-4F0D-9DE5-379C1DA04121}.Debug|x86.ActiveCfg = Debug|Any CPU
		{C5B22279-84AE-4F0D-9DE5-379C1DA04121}.Debug|x86.Build.0 = Debug|Any CPU
		{C5B22279-84AE-4F0D-9DE5-379C1DA04121}.Release|Any CPU.ActiveCfg = Release|Any CPU
		{C5B22279-84AE-4F0D-9DE5-379C1DA04121}.Release|Any CPU.Build.0 = Release|Any CPU
		{C5B22279-84AE-4F0D-9DE5-379C1DA04121}.Release|x64.ActiveCfg = Release|Any CPU
		{C5B22279-84AE-4F0D-9DE5-379C1DA04121}.Release|x64.Build.0 = Release|Any CPU
		{C5B22279-84AE-4F0D-9DE5-379C1DA04121}.Release|x86.ActiveCfg = Release|Any CPU
		{C5B22279-84AE-4F0D-9DE5-379C1DA04121}.Release|x86.Build.0 = Release|Any CPU
	EndGlobalSection
	GlobalSection(NestedProjects) = preSolution
		{BA5BB28F-FC8D-433A-A3EA-3AD03EC5AB0D} = {D322103A-584A-45AB-87ED-9AD1A779FE16}
		{7AE440A7-AEEE-471D-95F5-2322F88A413A} = {D322103A-584A-45AB-87ED-9AD1A779FE16}
		{51F1E766-E38C-4489-A549-9AB658433C2D} = {D322103A-584A-45AB-87ED-9AD1A779FE16}
		{50FEB4B8-3696-40C0-848C-8A5BD4434803} = {D322103A-584A-45AB-87ED-9AD1A779FE16}
		{97E8BCBE-166D-46DA-BE0F-EFFDD7240488} = {D322103A-584A-45AB-87ED-9AD1A779FE16}
		{D52EB618-EDCE-4B63-93F3-94D2642B54DB} = {D322103A-584A-45AB-87ED-9AD1A779FE16}
		{22EDBF39-7264-4873-910C-D5D15B49DD69} = {D322103A-584A-45AB-87ED-9AD1A779FE16}
		{C5B22279-84AE-4F0D-9DE5-379C1DA04121} = {D322103A-584A-45AB-87ED-9AD1A779FE16}
	EndGlobalSection
EndGlobal
