
Microsoft Visual Studio Solution File, Format Version 12.00
# Visual Studio Version 16
VisualStudioVersion = 16.0.30709.132
MinimumVisualStudioVersion = 10.0.40219.1
Project("{9A19103F-16F7-4668-BE54-9A1E7A4F7556}") = "api", "API\api.csproj", "{CFFB8968-147D-4DA0-92C8-9ADC769CA148}"
EndProject
Project("{9A19103F-16F7-4668-BE54-9A1E7A4F7556}") = "mvc", "mvc\mvc.csproj", "{FBFC3D82-81C0-4D16-A60B-3DD52BC85697}"
EndProject
Project("{2150E333-8FDC-42A3-9474-1A3956D46DE8}") = "Admin UI", "Admin UI", "{B1145A0E-5984-4A14-B1D5-BCB8034C5437}"
EndProject
Project("{9A19103F-16F7-4668-BE54-9A1E7A4F7556}") = "AdminUI.Admin", "AdminUI\src\AdminUI.Admin\AdminUI.Admin.csproj", "{BCA62738-1B92-4AC5-A13A-C62F1A922F52}"
EndProject
Project("{9A19103F-16F7-4668-BE54-9A1E7A4F7556}") = "AdminUI.Admin.Api", "AdminUI\src\AdminUI.Admin.Api\AdminUI.Admin.Api.csproj", "{9B9634FA-123D-4D6F-ACFC-8C7C1E5B46F5}"
EndProject
Project("{9A19103F-16F7-4668-BE54-9A1E7A4F7556}") = "AdminUI.Admin.EntityFramework.MySql", "AdminUI\src\AdminUI.Admin.EntityFramework.MySql\AdminUI.Admin.EntityFramework.MySql.csproj", "{1DA8469E-A2AF-4DE4-AF0B-7C0DD24DDC03}"
EndProject
Project("{9A19103F-16F7-4668-BE54-9A1E7A4F7556}") = "AdminUI.Admin.EntityFramework.PostgreSQL", "AdminUI\src\AdminUI.Admin.EntityFramework.PostgreSQL\AdminUI.Admin.EntityFramework.PostgreSQL.csproj", "{F58B1273-6F01-4C20-B002-B53093352C9A}"
EndProject
Project("{9A19103F-16F7-4668-BE54-9A1E7A4F7556}") = "AdminUI.Admin.EntityFramework.Shared", "AdminUI\src\AdminUI.Admin.EntityFramework.Shared\AdminUI.Admin.EntityFramework.Shared.csproj", "{687690D9-7D6B-4CBA-B53A-EA280CCAA672}"
EndProject
Project("{9A19103F-16F7-4668-BE54-9A1E7A4F7556}") = "AdminUI.Admin.EntityFramework.SqlServer", "AdminUI\src\AdminUI.Admin.EntityFramework.SqlServer\AdminUI.Admin.EntityFramework.SqlServer.csproj", "{63D42406-53D0-4453-9154-B0025425E609}"
EndProject
Project("{9A19103F-16F7-4668-BE54-9A1E7A4F7556}") = "AdminUI.Shared", "AdminUI\src\AdminUI.Shared\AdminUI.Shared.csproj", "{D465EE12-46B5-406C-9954-B9167CFC5A9D}"
EndProject
Project("{9A19103F-16F7-4668-BE54-9A1E7A4F7556}") = "AdminUI.STS.Identity", "AdminUI\src\AdminUI.STS.Identity\AdminUI.STS.Identity.csproj", "{7C90E9CC-3AB9-4A34-9227-0F2EF92DFA85}"
EndProject
Global
	GlobalSection(SolutionConfigurationPlatforms) = preSolution
		Debug|Any CPU = Debug|Any CPU
		Release|Any CPU = Release|Any CPU
	EndGlobalSection
	GlobalSection(ProjectConfigurationPlatforms) = postSolution
		{CFFB8968-147D-4DA0-92C8-9ADC769CA148}.Debug|Any CPU.ActiveCfg = Debug|Any CPU
		{CFFB8968-147D-4DA0-92C8-9ADC769CA148}.Debug|Any CPU.Build.0 = Debug|Any CPU
		{CFFB8968-147D-4DA0-92C8-9ADC769CA148}.Release|Any CPU.ActiveCfg = Release|Any CPU
		{CFFB8968-147D-4DA0-92C8-9ADC769CA148}.Release|Any CPU.Build.0 = Release|Any CPU
		{FBFC3D82-81C0-4D16-A60B-3DD52BC85697}.Debug|Any CPU.ActiveCfg = Debug|Any CPU
		{FBFC3D82-81C0-4D16-A60B-3DD52BC85697}.Debug|Any CPU.Build.0 = Debug|Any CPU
		{FBFC3D82-81C0-4D16-A60B-3DD52BC85697}.Release|Any CPU.ActiveCfg = Release|Any CPU
		{FBFC3D82-81C0-4D16-A60B-3DD52BC85697}.Release|Any CPU.Build.0 = Release|Any CPU
		{BCA62738-1B92-4AC5-A13A-C62F1A922F52}.Debug|Any CPU.ActiveCfg = Debug|Any CPU
		{BCA62738-1B92-4AC5-A13A-C62F1A922F52}.Debug|Any CPU.Build.0 = Debug|Any CPU
		{BCA62738-1B92-4AC5-A13A-C62F1A922F52}.Release|Any CPU.ActiveCfg = Release|Any CPU
		{BCA62738-1B92-4AC5-A13A-C62F1A922F52}.Release|Any CPU.Build.0 = Release|Any CPU
		{9B9634FA-123D-4D6F-ACFC-8C7C1E5B46F5}.Debug|Any CPU.ActiveCfg = Debug|Any CPU
		{9B9634FA-123D-4D6F-ACFC-8C7C1E5B46F5}.Debug|Any CPU.Build.0 = Debug|Any CPU
		{9B9634FA-123D-4D6F-ACFC-8C7C1E5B46F5}.Release|Any CPU.ActiveCfg = Release|Any CPU
		{9B9634FA-123D-4D6F-ACFC-8C7C1E5B46F5}.Release|Any CPU.Build.0 = Release|Any CPU
		{1DA8469E-A2AF-4DE4-AF0B-7C0DD24DDC03}.Debug|Any CPU.ActiveCfg = Debug|Any CPU
		{1DA8469E-A2AF-4DE4-AF0B-7C0DD24DDC03}.Debug|Any CPU.Build.0 = Debug|Any CPU
		{1DA8469E-A2AF-4DE4-AF0B-7C0DD24DDC03}.Release|Any CPU.ActiveCfg = Release|Any CPU
		{1DA8469E-A2AF-4DE4-AF0B-7C0DD24DDC03}.Release|Any CPU.Build.0 = Release|Any CPU
		{F58B1273-6F01-4C20-B002-B53093352C9A}.Debug|Any CPU.ActiveCfg = Debug|Any CPU
		{F58B1273-6F01-4C20-B002-B53093352C9A}.Debug|Any CPU.Build.0 = Debug|Any CPU
		{F58B1273-6F01-4C20-B002-B53093352C9A}.Release|Any CPU.ActiveCfg = Release|Any CPU
		{F58B1273-6F01-4C20-B002-B53093352C9A}.Release|Any CPU.Build.0 = Release|Any CPU
		{687690D9-7D6B-4CBA-B53A-EA280CCAA672}.Debug|Any CPU.ActiveCfg = Debug|Any CPU
		{687690D9-7D6B-4CBA-B53A-EA280CCAA672}.Debug|Any CPU.Build.0 = Debug|Any CPU
		{687690D9-7D6B-4CBA-B53A-EA280CCAA672}.Release|Any CPU.ActiveCfg = Release|Any CPU
		{687690D9-7D6B-4CBA-B53A-EA280CCAA672}.Release|Any CPU.Build.0 = Release|Any CPU
		{63D42406-53D0-4453-9154-B0025425E609}.Debug|Any CPU.ActiveCfg = Debug|Any CPU
		{63D42406-53D0-4453-9154-B0025425E609}.Debug|Any CPU.Build.0 = Debug|Any CPU
		{63D42406-53D0-4453-9154-B0025425E609}.Release|Any CPU.ActiveCfg = Release|Any CPU
		{63D42406-53D0-4453-9154-B0025425E609}.Release|Any CPU.Build.0 = Release|Any CPU
		{D465EE12-46B5-406C-9954-B9167CFC5A9D}.Debug|Any CPU.ActiveCfg = Debug|Any CPU
		{D465EE12-46B5-406C-9954-B9167CFC5A9D}.Debug|Any CPU.Build.0 = Debug|Any CPU
		{D465EE12-46B5-406C-9954-B9167CFC5A9D}.Release|Any CPU.ActiveCfg = Release|Any CPU
		{D465EE12-46B5-406C-9954-B9167CFC5A9D}.Release|Any CPU.Build.0 = Release|Any CPU
		{7C90E9CC-3AB9-4A34-9227-0F2EF92DFA85}.Debug|Any CPU.ActiveCfg = Debug|Any CPU
		{7C90E9CC-3AB9-4A34-9227-0F2EF92DFA85}.Debug|Any CPU.Build.0 = Debug|Any CPU
		{7C90E9CC-3AB9-4A34-9227-0F2EF92DFA85}.Release|Any CPU.ActiveCfg = Release|Any CPU
		{7C90E9CC-3AB9-4A34-9227-0F2EF92DFA85}.Release|Any CPU.Build.0 = Release|Any CPU
	EndGlobalSection
	GlobalSection(SolutionProperties) = preSolution
		HideSolutionNode = FALSE
	EndGlobalSection
	GlobalSection(NestedProjects) = preSolution
		{BCA62738-1B92-4AC5-A13A-C62F1A922F52} = {B1145A0E-5984-4A14-B1D5-BCB8034C5437}
		{9B9634FA-123D-4D6F-ACFC-8C7C1E5B46F5} = {B1145A0E-5984-4A14-B1D5-BCB8034C5437}
		{1DA8469E-A2AF-4DE4-AF0B-7C0DD24DDC03} = {B1145A0E-5984-4A14-B1D5-BCB8034C5437}
		{F58B1273-6F01-4C20-B002-B53093352C9A} = {B1145A0E-5984-4A14-B1D5-BCB8034C5437}
		{687690D9-7D6B-4CBA-B53A-EA280CCAA672} = {B1145A0E-5984-4A14-B1D5-BCB8034C5437}
		{63D42406-53D0-4453-9154-B0025425E609} = {B1145A0E-5984-4A14-B1D5-BCB8034C5437}
		{D465EE12-46B5-406C-9954-B9167CFC5A9D} = {B1145A0E-5984-4A14-B1D5-BCB8034C5437}
		{7C90E9CC-3AB9-4A34-9227-0F2EF92DFA85} = {B1145A0E-5984-4A14-B1D5-BCB8034C5437}
	EndGlobalSection
	GlobalSection(ExtensibilityGlobals) = postSolution
		SolutionGuid = {37B722C0-21C6-474F-AD1C-204401E62D67}
	EndGlobalSection
EndGlobal
